// !$*UTF8*$!
{
	archiveVersion = 1;
	classes = {
	};
	objectVersion = 50;
	objects = {

/* Begin PBXBuildFile section */
		B0329A3F20F9DCB5001107CC /* UILabel+Extension.swift in Sources */ = {isa = PBXBuildFile; fileRef = B0329A3E20F9DCB5001107CC /* UILabel+Extension.swift */; };
		B0329A4320F9F260001107CC /* ConfirmController.swift in Sources */ = {isa = PBXBuildFile; fileRef = B0329A4220F9F260001107CC /* ConfirmController.swift */; };
		B0329A4520F9F274001107CC /* ConfirmView.swift in Sources */ = {isa = PBXBuildFile; fileRef = B0329A4420F9F274001107CC /* ConfirmView.swift */; };
		B0A9DB3520F8DC0D006D1079 /* AppDelegate.swift in Sources */ = {isa = PBXBuildFile; fileRef = B0A9DB3420F8DC0D006D1079 /* AppDelegate.swift */; };
		B0A9DB3720F8DC0D006D1079 /* LoginController.swift in Sources */ = {isa = PBXBuildFile; fileRef = B0A9DB3620F8DC0D006D1079 /* LoginController.swift */; };
		B0A9DB3C20F8DC0E006D1079 /* Assets.xcassets in Resources */ = {isa = PBXBuildFile; fileRef = B0A9DB3B20F8DC0E006D1079 /* Assets.xcassets */; };
		B0A9DB3F20F8DC0E006D1079 /* LaunchScreen.storyboard in Resources */ = {isa = PBXBuildFile; fileRef = B0A9DB3D20F8DC0E006D1079 /* LaunchScreen.storyboard */; };
		B0A9DB4720F8DD50006D1079 /* LoginView.swift in Sources */ = {isa = PBXBuildFile; fileRef = B0A9DB4620F8DD50006D1079 /* LoginView.swift */; };
		B0A9DB4920F8DE66006D1079 /* Extensions.swift in Sources */ = {isa = PBXBuildFile; fileRef = B0A9DB4820F8DE66006D1079 /* Extensions.swift */; };
		B0A9DB4E20F8F2B8006D1079 /* UITextField+Extension.swift in Sources */ = {isa = PBXBuildFile; fileRef = B0A9DB4D20F8F2B8006D1079 /* UITextField+Extension.swift */; };
		B0A9DB5020F8F38F006D1079 /* UIColor+Extension.swift in Sources */ = {isa = PBXBuildFile; fileRef = B0A9DB4F20F8F38F006D1079 /* UIColor+Extension.swift */; };
		B0A9DB5220F9093E006D1079 /* UIButton+Extension.swift in Sources */ = {isa = PBXBuildFile; fileRef = B0A9DB5120F9093E006D1079 /* UIButton+Extension.swift */; };
		B0A9DB5420F90A51006D1079 /* UIStackView+Extension.swift in Sources */ = {isa = PBXBuildFile; fileRef = B0A9DB5320F90A51006D1079 /* UIStackView+Extension.swift */; };
		B0A9DB5720F90B46006D1079 /* SettingsController.swift in Sources */ = {isa = PBXBuildFile; fileRef = B0A9DB5620F90B46006D1079 /* SettingsController.swift */; };
		B0A9DB5920F90B72006D1079 /* SettingsView.swift in Sources */ = {isa = PBXBuildFile; fileRef = B0A9DB5820F90B72006D1079 /* SettingsView.swift */; };
/* End PBXBuildFile section */

/* Begin PBXFileReference section */
		B0329A3E20F9DCB5001107CC /* UILabel+Extension.swift */ = {isa = PBXFileReference; lastKnownFileType = sourcecode.swift; path = "UILabel+Extension.swift"; sourceTree = "<group>"; };
		B0329A4220F9F260001107CC /* ConfirmController.swift */ = {isa = PBXFileReference; lastKnownFileType = sourcecode.swift; path = ConfirmController.swift; sourceTree = "<group>"; };
		B0329A4420F9F274001107CC /* ConfirmView.swift */ = {isa = PBXFileReference; lastKnownFileType = sourcecode.swift; path = ConfirmView.swift; sourceTree = "<group>"; };
		B0A9DB3120F8DC0D006D1079 /* 06_UISlider.app */ = {isa = PBXFileReference; explicitFileType = wrapper.application; includeInIndex = 0; path = 06_UISlider.app; sourceTree = BUILT_PRODUCTS_DIR; };
		B0A9DB3420F8DC0D006D1079 /* AppDelegate.swift */ = {isa = PBXFileReference; lastKnownFileType = sourcecode.swift; path = AppDelegate.swift; sourceTree = "<group>"; };
		B0A9DB3620F8DC0D006D1079 /* LoginController.swift */ = {isa = PBXFileReference; lastKnownFileType = sourcecode.swift; path = LoginController.swift; sourceTree = "<group>"; };
		B0A9DB3B20F8DC0E006D1079 /* Assets.xcassets */ = {isa = PBXFileReference; lastKnownFileType = folder.assetcatalog; path = Assets.xcassets; sourceTree = "<group>"; };
		B0A9DB3E20F8DC0E006D1079 /* Base */ = {isa = PBXFileReference; lastKnownFileType = file.storyboard; name = Base; path = Base.lproj/LaunchScreen.storyboard; sourceTree = "<group>"; };
		B0A9DB4020F8DC0E006D1079 /* Info.plist */ = {isa = PBXFileReference; lastKnownFileType = text.plist.xml; path = Info.plist; sourceTree = "<group>"; };
		B0A9DB4620F8DD50006D1079 /* LoginView.swift */ = {isa = PBXFileReference; lastKnownFileType = sourcecode.swift; path = LoginView.swift; sourceTree = "<group>"; };
		B0A9DB4820F8DE66006D1079 /* Extensions.swift */ = {isa = PBXFileReference; lastKnownFileType = sourcecode.swift; path = Extensions.swift; sourceTree = "<group>"; };
		B0A9DB4D20F8F2B8006D1079 /* UITextField+Extension.swift */ = {isa = PBXFileReference; lastKnownFileType = sourcecode.swift; path = "UITextField+Extension.swift"; sourceTree = "<group>"; };
		B0A9DB4F20F8F38F006D1079 /* UIColor+Extension.swift */ = {isa = PBXFileReference; lastKnownFileType = sourcecode.swift; path = "UIColor+Extension.swift"; sourceTree = "<group>"; };
		B0A9DB5120F9093E006D1079 /* UIButton+Extension.swift */ = {isa = PBXFileReference; lastKnownFileType = sourcecode.swift; path = "UIButton+Extension.swift"; sourceTree = "<group>"; };
		B0A9DB5320F90A51006D1079 /* UIStackView+Extension.swift */ = {isa = PBXFileReference; lastKnownFileType = sourcecode.swift; path = "UIStackView+Extension.swift"; sourceTree = "<group>"; };
		B0A9DB5620F90B46006D1079 /* SettingsController.swift */ = {isa = PBXFileReference; lastKnownFileType = sourcecode.swift; path = SettingsController.swift; sourceTree = "<group>"; };
		B0A9DB5820F90B72006D1079 /* SettingsView.swift */ = {isa = PBXFileReference; lastKnownFileType = sourcecode.swift; path = SettingsView.swift; sourceTree = "<group>"; };
/* End PBXFileReference section */

/* Begin PBXFrameworksBuildPhase section */
		B0A9DB2E20F8DC0D006D1079 /* Frameworks */ = {
			isa = PBXFrameworksBuildPhase;
			buildActionMask = 2147483647;
			files = (
			);
			runOnlyForDeploymentPostprocessing = 0;
		};
/* End PBXFrameworksBuildPhase section */

/* Begin PBXGroup section */
		B0329A4620F9F286001107CC /* Confirm */ = {
			isa = PBXGroup;
			children = (
				B0329A4420F9F274001107CC /* ConfirmView.swift */,
				B0329A4220F9F260001107CC /* ConfirmController.swift */,
			);
			path = Confirm;
			sourceTree = "<group>";
		};
		B0A9DB2820F8DC0D006D1079 = {
			isa = PBXGroup;
			children = (
				B0A9DB3320F8DC0D006D1079 /* 06_UISlider */,
				B0A9DB3220F8DC0D006D1079 /* Products */,
			);
			sourceTree = "<group>";
		};
		B0A9DB3220F8DC0D006D1079 /* Products */ = {
			isa = PBXGroup;
			children = (
				B0A9DB3120F8DC0D006D1079 /* 06_UISlider.app */,
			);
			name = Products;
			sourceTree = "<group>";
		};
		B0A9DB3320F8DC0D006D1079 /* 06_UISlider */ = {
			isa = PBXGroup;
			children = (
				B0A9DB4A20F8F1E8006D1079 /* Extensions */,
				B0A9DB4C20F8F278006D1079 /* Login */,
				B0A9DB5520F90B24006D1079 /* Settings */,
				B0329A4620F9F286001107CC /* Confirm */,
				B0A9DB4B20F8F1F1006D1079 /* Supporting Files */,
			);
			path = 06_UISlider;
			sourceTree = "<group>";
		};
		B0A9DB4A20F8F1E8006D1079 /* Extensions */ = {
			isa = PBXGroup;
			children = (
				B0A9DB4820F8DE66006D1079 /* Extensions.swift */,
				B0A9DB4D20F8F2B8006D1079 /* UITextField+Extension.swift */,
				B0A9DB4F20F8F38F006D1079 /* UIColor+Extension.swift */,
				B0A9DB5120F9093E006D1079 /* UIButton+Extension.swift */,
				B0A9DB5320F90A51006D1079 /* UIStackView+Extension.swift */,
				B0329A3E20F9DCB5001107CC /* UILabel+Extension.swift */,
			);
			path = Extensions;
			sourceTree = "<group>";
		};
		B0A9DB4B20F8F1F1006D1079 /* Supporting Files */ = {
			isa = PBXGroup;
			children = (
				B0A9DB3420F8DC0D006D1079 /* AppDelegate.swift */,
				B0A9DB3B20F8DC0E006D1079 /* Assets.xcassets */,
				B0A9DB3D20F8DC0E006D1079 /* LaunchScreen.storyboard */,
				B0A9DB4020F8DC0E006D1079 /* Info.plist */,
			);
			path = "Supporting Files";
			sourceTree = "<group>";
		};
		B0A9DB4C20F8F278006D1079 /* Login */ = {
			isa = PBXGroup;
			children = (
				B0A9DB3620F8DC0D006D1079 /* LoginController.swift */,
				B0A9DB4620F8DD50006D1079 /* LoginView.swift */,
			);
			path = Login;
			sourceTree = "<group>";
		};
		B0A9DB5520F90B24006D1079 /* Settings */ = {
			isa = PBXGroup;
			children = (
				B0A9DB5620F90B46006D1079 /* SettingsController.swift */,
				B0A9DB5820F90B72006D1079 /* SettingsView.swift */,
			);
			path = Settings;
			sourceTree = "<group>";
		};
/* End PBXGroup section */

/* Begin PBXNativeTarget section */
		B0A9DB3020F8DC0D006D1079 /* 06_UISlider */ = {
			isa = PBXNativeTarget;
			buildConfigurationList = B0A9DB4320F8DC0E006D1079 /* Build configuration list for PBXNativeTarget "06_UISlider" */;
			buildPhases = (
				B0A9DB2D20F8DC0D006D1079 /* Sources */,
				B0A9DB2E20F8DC0D006D1079 /* Frameworks */,
				B0A9DB2F20F8DC0D006D1079 /* Resources */,
			);
			buildRules = (
			);
			dependencies = (
			);
			name = 06_UISlider;
			productName = 06_UISlider;
			productReference = B0A9DB3120F8DC0D006D1079 /* 06_UISlider.app */;
			productType = "com.apple.product-type.application";
		};
/* End PBXNativeTarget section */

/* Begin PBXProject section */
		B0A9DB2920F8DC0D006D1079 /* Project object */ = {
			isa = PBXProject;
			attributes = {
				LastSwiftUpdateCheck = 0940;
				LastUpgradeCheck = 0940;
				ORGANIZATIONNAME = "Maksim Nosov";
				TargetAttributes = {
					B0A9DB3020F8DC0D006D1079 = {
						CreatedOnToolsVersion = 9.4.1;
					};
				};
			};
			buildConfigurationList = B0A9DB2C20F8DC0D006D1079 /* Build configuration list for PBXProject "06_UISlider" */;
			compatibilityVersion = "Xcode 9.3";
			developmentRegion = en;
			hasScannedForEncodings = 0;
			knownRegions = (
				en,
				Base,
			);
			mainGroup = B0A9DB2820F8DC0D006D1079;
			productRefGroup = B0A9DB3220F8DC0D006D1079 /* Products */;
			projectDirPath = "";
			projectRoot = "";
			targets = (
				B0A9DB3020F8DC0D006D1079 /* 06_UISlider */,
			);
		};
/* End PBXProject section */

/* Begin PBXResourcesBuildPhase section */
		B0A9DB2F20F8DC0D006D1079 /* Resources */ = {
			isa = PBXResourcesBuildPhase;
			buildActionMask = 2147483647;
			files = (
				B0A9DB3F20F8DC0E006D1079 /* LaunchScreen.storyboard in Resources */,
				B0A9DB3C20F8DC0E006D1079 /* Assets.xcassets in Resources */,
			);
			runOnlyForDeploymentPostprocessing = 0;
		};
/* End PBXResourcesBuildPhase section */

/* Begin PBXSourcesBuildPhase section */
		B0A9DB2D20F8DC0D006D1079 /* Sources */ = {
			isa = PBXSourcesBuildPhase;
			buildActionMask = 2147483647;
			files = (
				B0329A3F20F9DCB5001107CC /* UILabel+Extension.swift in Sources */,
				B0A9DB4E20F8F2B8006D1079 /* UITextField+Extension.swift in Sources */,
				B0A9DB4720F8DD50006D1079 /* LoginView.swift in Sources */,
				B0A9DB5720F90B46006D1079 /* SettingsController.swift in Sources */,
				B0329A4320F9F260001107CC /* ConfirmController.swift in Sources */,
				B0329A4520F9F274001107CC /* ConfirmView.swift in Sources */,
				B0A9DB3720F8DC0D006D1079 /* LoginController.swift in Sources */,
				B0A9DB5020F8F38F006D1079 /* UIColor+Extension.swift in Sources */,
				B0A9DB3520F8DC0D006D1079 /* AppDelegate.swift in Sources */,
				B0A9DB5920F90B72006D1079 /* SettingsView.swift in Sources */,
				B0A9DB5420F90A51006D1079 /* UIStackView+Extension.swift in Sources */,
				B0A9DB4920F8DE66006D1079 /* Extensions.swift in Sources */,
				B0A9DB5220F9093E006D1079 /* UIButton+Extension.swift in Sources */,
			);
			runOnlyForDeploymentPostprocessing = 0;
		};
/* End PBXSourcesBuildPhase section */

/* Begin PBXVariantGroup section */
		B0A9DB3D20F8DC0E006D1079 /* LaunchScreen.storyboard */ = {
			isa = PBXVariantGroup;
			children = (
				B0A9DB3E20F8DC0E006D1079 /* Base */,
			);
			name = LaunchScreen.storyboard;
			sourceTree = "<group>";
		};
/* End PBXVariantGroup section */

/* Begin XCBuildConfiguration section */
		B0A9DB4120F8DC0E006D1079 /* Debug */ = {
			isa = XCBuildConfiguration;
			buildSettings = {
				ALWAYS_SEARCH_USER_PATHS = NO;
				CLANG_ANALYZER_NONNULL = YES;
				CLANG_ANALYZER_NUMBER_OBJECT_CONVERSION = YES_AGGRESSIVE;
				CLANG_CXX_LANGUAGE_STANDARD = "gnu++14";
				CLANG_CXX_LIBRARY = "libc++";
				CLANG_ENABLE_MODULES = YES;
				CLANG_ENABLE_OBJC_ARC = YES;
				CLANG_ENABLE_OBJC_WEAK = YES;
				CLANG_WARN_BLOCK_CAPTURE_AUTORELEASING = YES;
				CLANG_WARN_BOOL_CONVERSION = YES;
				CLANG_WARN_COMMA = YES;
				CLANG_WARN_CONSTANT_CONVERSION = YES;
				CLANG_WARN_DEPRECATED_OBJC_IMPLEMENTATIONS = YES;
				CLANG_WARN_DIRECT_OBJC_ISA_USAGE = YES_ERROR;
				CLANG_WARN_DOCUMENTATION_COMMENTS = YES;
				CLANG_WARN_EMPTY_BODY = YES;
				CLANG_WARN_ENUM_CONVERSION = YES;
				CLANG_WARN_INFINITE_RECURSION = YES;
				CLANG_WARN_INT_CONVERSION = YES;
				CLANG_WARN_NON_LITERAL_NULL_CONVERSION = YES;
				CLANG_WARN_OBJC_IMPLICIT_RETAIN_SELF = YES;
				CLANG_WARN_OBJC_LITERAL_CONVERSION = YES;
				CLANG_WARN_OBJC_ROOT_CLASS = YES_ERROR;
				CLANG_WARN_RANGE_LOOP_ANALYSIS = YES;
				CLANG_WARN_STRICT_PROTOTYPES = YES;
				CLANG_WARN_SUSPICIOUS_MOVE = YES;
				CLANG_WARN_UNGUARDED_AVAILABILITY = YES_AGGRESSIVE;
				CLANG_WARN_UNREACHABLE_CODE = YES;
				CLANG_WARN__DUPLICATE_METHOD_MATCH = YES;
				CODE_SIGN_IDENTITY = "iPhone Developer";
				COPY_PHASE_STRIP = NO;
				DEBUG_INFORMATION_FORMAT = dwarf;
				ENABLE_STRICT_OBJC_MSGSEND = YES;
				ENABLE_TESTABILITY = YES;
				GCC_C_LANGUAGE_STANDARD = gnu11;
				GCC_DYNAMIC_NO_PIC = NO;
				GCC_NO_COMMON_BLOCKS = YES;
				GCC_OPTIMIZATION_LEVEL = 0;
				GCC_PREPROCESSOR_DEFINITIONS = (
					"DEBUG=1",
					"$(inherited)",
				);
				GCC_WARN_64_TO_32_BIT_CONVERSION = YES;
				GCC_WARN_ABOUT_RETURN_TYPE = YES_ERROR;
				GCC_WARN_UNDECLARED_SELECTOR = YES;
				GCC_WARN_UNINITIALIZED_AUTOS = YES_AGGRESSIVE;
				GCC_WARN_UNUSED_FUNCTION = YES;
				GCC_WARN_UNUSED_VARIABLE = YES;
				IPHONEOS_DEPLOYMENT_TARGET = 11.4;
				MTL_ENABLE_DEBUG_INFO = YES;
				ONLY_ACTIVE_ARCH = YES;
				SDKROOT = iphoneos;
				SWIFT_ACTIVE_COMPILATION_CONDITIONS = DEBUG;
				SWIFT_OPTIMIZATION_LEVEL = "-Onone";
			};
			name = Debug;
		};
		B0A9DB4220F8DC0E006D1079 /* Release */ = {
			isa = XCBuildConfiguration;
			buildSettings = {
				ALWAYS_SEARCH_USER_PATHS = NO;
				CLANG_ANALYZER_NONNULL = YES;
				CLANG_ANALYZER_NUMBER_OBJECT_CONVERSION = YES_AGGRESSIVE;
				CLANG_CXX_LANGUAGE_STANDARD = "gnu++14";
				CLANG_CXX_LIBRARY = "libc++";
				CLANG_ENABLE_MODULES = YES;
				CLANG_ENABLE_OBJC_ARC = YES;
				CLANG_ENABLE_OBJC_WEAK = YES;
				CLANG_WARN_BLOCK_CAPTURE_AUTORELEASING = YES;
				CLANG_WARN_BOOL_CONVERSION = YES;
				CLANG_WARN_COMMA = YES;
				CLANG_WARN_CONSTANT_CONVERSION = YES;
				CLANG_WARN_DEPRECATED_OBJC_IMPLEMENTATIONS = YES;
				CLANG_WARN_DIRECT_OBJC_ISA_USAGE = YES_ERROR;
				CLANG_WARN_DOCUMENTATION_COMMENTS = YES;
				CLANG_WARN_EMPTY_BODY = YES;
				CLANG_WARN_ENUM_CONVERSION = YES;
				CLANG_WARN_INFINITE_RECURSION = YES;
				CLANG_WARN_INT_CONVERSION = YES;
				CLANG_WARN_NON_LITERAL_NULL_CONVERSION = YES;
				CLANG_WARN_OBJC_IMPLICIT_RETAIN_SELF = YES;
				CLANG_WARN_OBJC_LITERAL_CONVERSION = YES;
				CLANG_WARN_OBJC_ROOT_CLASS = YES_ERROR;
				CLANG_WARN_RANGE_LOOP_ANALYSIS = YES;
				CLANG_WARN_STRICT_PROTOTYPES = YES;
				CLANG_WARN_SUSPICIOUS_MOVE = YES;
				CLANG_WARN_UNGUARDED_AVAILABILITY = YES_AGGRESSIVE;
				CLANG_WARN_UNREACHABLE_CODE = YES;
				CLANG_WARN__DUPLICATE_METHOD_MATCH = YES;
				CODE_SIGN_IDENTITY = "iPhone Developer";
				COPY_PHASE_STRIP = NO;
				DEBUG_INFORMATION_FORMAT = "dwarf-with-dsym";
				ENABLE_NS_ASSERTIONS = NO;
				ENABLE_STRICT_OBJC_MSGSEND = YES;
				GCC_C_LANGUAGE_STANDARD = gnu11;
				GCC_NO_COMMON_BLOCKS = YES;
				GCC_WARN_64_TO_32_BIT_CONVERSION = YES;
				GCC_WARN_ABOUT_RETURN_TYPE = YES_ERROR;
				GCC_WARN_UNDECLARED_SELECTOR = YES;
				GCC_WARN_UNINITIALIZED_AUTOS = YES_AGGRESSIVE;
				GCC_WARN_UNUSED_FUNCTION = YES;
				GCC_WARN_UNUSED_VARIABLE = YES;
				IPHONEOS_DEPLOYMENT_TARGET = 11.4;
				MTL_ENABLE_DEBUG_INFO = NO;
				SDKROOT = iphoneos;
				SWIFT_COMPILATION_MODE = wholemodule;
				SWIFT_OPTIMIZATION_LEVEL = "-O";
				VALIDATE_PRODUCT = YES;
			};
			name = Release;
		};
		B0A9DB4420F8DC0E006D1079 /* Debug */ = {
			isa = XCBuildConfiguration;
			buildSettings = {
				ASSETCATALOG_COMPILER_APPICON_NAME = AppIcon;
				CODE_SIGN_STYLE = Automatic;
				INFOPLIST_FILE = "$(SRCROOT)/06_UISlider/Supporting Files/Info.plist";
				LD_RUNPATH_SEARCH_PATHS = (
					"$(inherited)",
					"@executable_path/Frameworks",
				);
				PRODUCT_BUNDLE_IDENTIFIER = "com.-6-UISlider";
				PRODUCT_NAME = "$(TARGET_NAME)";
				SWIFT_VERSION = 4.0;
				TARGETED_DEVICE_FAMILY = "1,2";
			};
			name = Debug;
		};
		B0A9DB4520F8DC0E006D1079 /* Release */ = {
			isa = XCBuildConfiguration;
			buildSettings = {
				ASSETCATALOG_COMPILER_APPICON_NAME = AppIcon;
				CODE_SIGN_STYLE = Automatic;
				INFOPLIST_FILE = "$(SRCROOT)/06_UISlider/Supporting Files/Info.plist";
				LD_RUNPATH_SEARCH_PATHS = (
					"$(inherited)",
					"@executable_path/Frameworks",
				);
				PRODUCT_BUNDLE_IDENTIFIER = "com.-6-UISlider";
				PRODUCT_NAME = "$(TARGET_NAME)";
				SWIFT_VERSION = 4.0;
				TARGETED_DEVICE_FAMILY = "1,2";
			};
			name = Release;
		};
/* End XCBuildConfiguration section */

/* Begin XCConfigurationList section */
		B0A9DB2C20F8DC0D006D1079 /* Build configuration list for PBXProject "06_UISlider" */ = {
			isa = XCConfigurationList;
			buildConfigurations = (
				B0A9DB4120F8DC0E006D1079 /* Debug */,
				B0A9DB4220F8DC0E006D1079 /* Release */,
			);
			defaultConfigurationIsVisible = 0;
			defaultConfigurationName = Release;
		};
		B0A9DB4320F8DC0E006D1079 /* Build configuration list for PBXNativeTarget "06_UISlider" */ = {
			isa = XCConfigurationList;
			buildConfigurations = (
				B0A9DB4420F8DC0E006D1079 /* Debug */,
				B0A9DB4520F8DC0E006D1079 /* Release */,
			);
			defaultConfigurationIsVisible = 0;
			defaultConfigurationName = Release;
		};
/* End XCConfigurationList section */
	};
	rootObject = B0A9DB2920F8DC0D006D1079 /* Project object */;
}
